
Microsoft Visual Studio Solution File, Format Version 12.00
# Visual Studio Version 17
VisualStudioVersion = 17.7.34202.233
MinimumVisualStudioVersion = 10.0.40219.1
Project("{FAE04EC0-301F-11D3-BF4B-00C04F79EFBC}") = "RS232.SerialRider", "RS232.SerialRider\RS232.SerialRider.csproj", "{1CCF0E33-5ADE-41BB-8AB3-F4E4D9AD45F8}"
EndProject
Project("{FAE04EC0-301F-11D3-BF4B-00C04F79EFBC}") = "RS232.Models", "RS232.Models\RS232.Models.csproj", "{6BF8AFE7-5795-439B-B6A8-B69C305086F3}"
EndProject
Global
	GlobalSection(SolutionConfigurationPlatforms) = preSolution
		Debug|Any CPU = Debug|Any CPU
		Release|Any CPU = Release|Any CPU
	EndGlobalSection
	GlobalSection(ProjectConfigurationPlatforms) = postSolution
		{1CCF0E33-5ADE-41BB-8AB3-F4E4D9AD45F8}.Debug|Any CPU.ActiveCfg = Debug|Any CPU
		{1CCF0E33-5ADE-41BB-8AB3-F4E4D9AD45F8}.Debug|Any CPU.Build.0 = Debug|Any CPU
		{1CCF0E33-5ADE-41BB-8AB3-F4E4D9AD45F8}.Release|Any CPU.ActiveCfg = Release|Any CPU
		{1CCF0E33-5ADE-41BB-8AB3-F4E4D9AD45F8}.Release|Any CPU.Build.0 = Release|Any CPU
		{6BF8AFE7-5795-439B-B6A8-B69C305086F3}.Debug|Any CPU.ActiveCfg = Debug|Any CPU
		{6BF8AFE7-5795-439B-B6A8-B69C305086F3}.Debug|Any CPU.Build.0 = Debug|Any CPU
		{6BF8AFE7-5795-439B-B6A8-B69C305086F3}.Release|Any CPU.ActiveCfg = Release|Any CPU
		{6BF8AFE7-5795-439B-B6A8-B69C305086F3}.Release|Any CPU.Build.0 = Release|Any CPU
	EndGlobalSection
	GlobalSection(SolutionProperties) = preSolution
		HideSolutionNode = FALSE
	EndGlobalSection
	GlobalSection(ExtensibilityGlobals) = postSolution
		SolutionGuid = {FA6C47CA-C135-44FF-A86E-DD67F5805D3C}
	EndGlobalSection
EndGlobal
